<?xml version="1.0" encoding="utf-8"?>
<Project ToolsVersion="4.0" xmlns="http://schemas.microsoft.com/developer/msbuild/2003">
  <ItemGroup>
    <ClCompile Include="WinParcApp.cpp" />
  </ItemGroup>
  <ItemGroup>
    <ClInclude Include="targetver.h" />
    <ClInclude Include="..\..\ParcLib\Core\Ao.h">
      <Filter>parclib\Core</Filter>
    </ClInclude>
    <ClInclude Include="..\..\ParcLib\Core\HidAo.h">
      <Filter>parclib\Core</Filter>
    </ClInclude>
    <ClInclude Include="..\..\ParcLib\Core\KeypadAo.h">
      <Filter>parclib\Core</Filter>
    </ClInclude>
    <ClInclude Include="..\..\ParcLib\Core\Program.h">
      <Filter>parclib\Core</Filter>
    </ClInclude>
    <ClInclude Include="..\..\ParcLib\Core\ProgramStep.h">
      <Filter>parclib\Core</Filter>
    </ClInclude>
    <ClInclude Include="..\..\ParcLib\Feather\ProgramSteps.h">
      <Filter>parclib\Feather</Filter>
    </ClInclude>
    <ClInclude Include="..\..\ParcLib\Core\Registers.h">
      <Filter>parclib\Core</Filter>
    </ClInclude>
    <ClInclude Include="..\..\ParcLib\Core\Shared.h">
      <Filter>parclib\Core</Filter>
    </ClInclude>
    <ClInclude Include="..\..\ParcLib\Core\StringParc.h">
      <Filter>parclib\Core</Filter>
    </ClInclude>
    <ClInclude Include="..\..\ParcLib\Core\SystemMonitorAo.h">
      <Filter>parclib\Core</Filter>
    </ClInclude>
    <ClInclude Include="..\..\ParcLib\Core\TerminalAo.h">
      <Filter>parclib\Core</Filter>
    </ClInclude>
  </ItemGroup>
  <ItemGroup>
    <Filter Include="parclib">
      <UniqueIdentifier>{5b090569-4af4-4f50-b458-d0742461021b}</UniqueIdentifier>
    </Filter>
    <Filter Include="parclib\Feather">
      <UniqueIdentifier>{febf78d6-9809-41cc-947f-b1265c16f08a}</UniqueIdentifier>
    </Filter>
    <Filter Include="parclib\Core">
      <UniqueIdentifier>{d5fee816-1251-4959-9232-ece27064c3bc}</UniqueIdentifier>
    </Filter>
  </ItemGroup>
</Project>