<?xml version="1.0" encoding="utf-8"?>
<Project ToolsVersion="4.0" xmlns="http://schemas.microsoft.com/developer/msbuild/2003">
  <ItemGroup>
    <ClCompile Include="pch.cpp" />
    <ClCompile Include="ProgramTest.cpp" />
  </ItemGroup>
  <ItemGroup>
    <ClInclude Include="pch.h" />
    <ClInclude Include="..\..\ParcLib\Feather\ProgramSteps.h">
      <Filter>parclib</Filter>
    </ClInclude>
    <ClInclude Include="..\..\ParcLib\Core\Program.h">
      <Filter>parclib</Filter>
    </ClInclude>
    <ClInclude Include="..\..\ParcLib\Core\ProgramStep.h">
      <Filter>parclib</Filter>
    </ClInclude>
    <ClInclude Include="..\..\ParcLib\Core\Shared.h">
      <Filter>parclib</Filter>
    </ClInclude>
  </ItemGroup>
  <ItemGroup>
    <Filter Include="parclib">
      <UniqueIdentifier>{e6546c09-a359-46bc-b5b0-635a96fcb60d}</UniqueIdentifier>
    </Filter>
  </ItemGroup>
</Project>