<?xml version="1.0" encoding="utf-8"?>
<Project ToolsVersion="4.0" xmlns="http://schemas.microsoft.com/developer/msbuild/2003">
  <ItemGroup>
    <ClCompile Include="HidAoTest.cpp" />
    <ClCompile Include="pch.cpp" />
    <ClCompile Include="StringParcTest.cpp" />
    <ClCompile Include="SystemMonitorAoTest.cpp" />
    <ClCompile Include="TerminalAoTest.cpp" />
  </ItemGroup>
  <ItemGroup>
    <ClInclude Include="pch.h" />
    <ClInclude Include="..\..\ParcLib\Core\StringParc.h">
      <Filter>parclib</Filter>
    </ClInclude>
    <ClInclude Include="..\..\ParcLib\Core\Shared.h">
      <Filter>parclib</Filter>
    </ClInclude>
    <ClInclude Include="..\..\ParcLib\Core\HidAo.h">
      <Filter>parclib</Filter>
    </ClInclude>
    <ClInclude Include="..\..\ParcLib\Core\Program.h">
      <Filter>parclib</Filter>
    </ClInclude>
    <ClInclude Include="..\..\ParcLib\Core\SystemMonitorAo.h">
      <Filter>parclib</Filter>
    </ClInclude>
    <ClInclude Include="..\..\ParcLib\Core\TerminalAo.h">
      <Filter>parclib</Filter>
    </ClInclude>
    <ClInclude Include="..\..\ParcLib\Core\KeypadAo.h">
      <Filter>parclib</Filter>
    </ClInclude>
    <ClInclude Include="..\..\ParcLib\Tests\Core\StringParcTest\StringParcTest.h" />
    <ClInclude Include="..\..\ParcLib\Tests\Core\TerminalAoTest\TerminalAoTest.h" />
    <ClInclude Include="..\..\ParcLib\Tests\Core\SystemMonitorAoTest\SystemMonitorAoTest.h" />
    <ClInclude Include="..\..\ParcLib\Tests\Core\HidAoTest\HidAoTest.h" />
  </ItemGroup>
  <ItemGroup>
    <Filter Include="parclib">
      <UniqueIdentifier>{0def7eeb-3de8-4891-81b9-38abd5da0be1}</UniqueIdentifier>
    </Filter>
  </ItemGroup>
</Project>